
Microsoft Visual Studio Solution File, Format Version 12.00
# Visual Studio Version 16
VisualStudioVersion = 16.0.32002.261
MinimumVisualStudioVersion = 10.0.40219.1
Project("{2150E333-8FDC-42A3-9474-1A3956D46DE8}") = "CookIT", "CookIT", "{7B8A2F6B-6F58-4D3E-BDAC-37103412B756}"
EndProject
Project("{FAE04EC0-301F-11D3-BF4B-00C04F79EFBC}") = "CookIT.AppStarter", "CookIT\CookIT.AppStarter\CookIT.AppStarter.csproj", "{6C6DDEA8-C6E4-4D4A-B308-6F3DCB109AF5}"
EndProject
Project("{FAE04EC0-301F-11D3-BF4B-00C04F79EFBC}") = "CookIT.Model", "CookIT\CookIT.Model\CookIT.Model.csproj", "{E2CB6E11-5265-441B-9747-9A9D80EFA16A}"
EndProject
Project("{FAE04EC0-301F-11D3-BF4B-00C04F79EFBC}") = "CookIT.BaseLib", "CookIT\CookIT.BaseLib\CookIT.BaseLib.csproj", "{1B25DD35-A85E-46A6-8804-131D26A303E4}"
EndProject
Project("{FAE04EC0-301F-11D3-BF4B-00C04F79EFBC}") = "CookIT.Controllers", "CookIT\CookIT.Controllers\CookIT.Controllers.csproj", "{E563C752-1B7A-44E8-817B-4A3527321122}"
EndProject
Project("{FAE04EC0-301F-11D3-BF4B-00C04F79EFBC}") = "CookIT.MemoryBasedDAL", "CookIT\CookIT.MemoryBasedDAL\CookIT.MemoryBasedDAL.csproj", "{82230F8E-489E-42D6-9FA6-1BDF21E1E4A0}"
EndProject
Project("{FAE04EC0-301F-11D3-BF4B-00C04F79EFBC}") = "CookIT.PresentationLayer", "CookIT\CookIT.PresentationLayer\CookIT.PresentationLayer.csproj", "{6F7C9BAD-EE32-48E4-8FD5-503CB3FF9A17}"
EndProject
Project("{FAE04EC0-301F-11D3-BF4B-00C04F79EFBC}") = "CookIT.MemoryBasedDAL.Tests", "CookIT\CookIT.MemoryBasedDAL.Tests\CookIT.MemoryBasedDAL.Tests.csproj", "{C28A8B97-56C9-4D13-AA36-D1A1AE8A9826}"
EndProject
Project("{2150E333-8FDC-42A3-9474-1A3956D46DE8}") = "UnitTesting", "UnitTesting", "{09BD2780-81FB-4D84-9D6E-356EF1D82150}"
EndProject
Project("{2150E333-8FDC-42A3-9474-1A3956D46DE8}") = "Mocking", "Mocking", "{7AB8927E-1C1C-4459-994B-5404274430A0}"
EndProject
Project("{FAE04EC0-301F-11D3-BF4B-00C04F79EFBC}") = "NUnitBasicTest", "CookIT\UnitTesting\NUnitBasicTest\NUnitBasicTest.csproj", "{9C827593-0DB0-4A88-AA42-AF7024AE23FA}"
EndProject
Project("{FAE04EC0-301F-11D3-BF4B-00C04F79EFBC}") = "MsUnitTestBasicTest", "CookIT\UnitTesting\MsUnitTestBasicTest\MsUnitTestBasicTest.csproj", "{69A358F3-1AFC-4EDA-8FEB-27DB5004B738}"
EndProject
Project("{FAE04EC0-301F-11D3-BF4B-00C04F79EFBC}") = "xUnitBasicTest", "CookIT\UnitTesting\xUnitBasicTest\xUnitBasicTest.csproj", "{381AD25D-219B-455C-ADE1-3059DD0841BD}"
EndProject
Project("{FAE04EC0-301F-11D3-BF4B-00C04F79EFBC}") = "BasicProject.DataProcessing", "CookIT\Mocking\BasicProject.DataProcessing\BasicProject.DataProcessing.csproj", "{3A501FAF-466A-410E-8418-AA104D5D85DC}"
EndProject
Project("{FAE04EC0-301F-11D3-BF4B-00C04F79EFBC}") = "Moq.DataProcessing.Tests", "CookIT\Mocking\Moq.DataProcessing.Tests\Moq.DataProcessing.Tests.csproj", "{E85FAE35-0C82-4B96-8990-A2BEF13EDADF}"
EndProject
Project("{FAE04EC0-301F-11D3-BF4B-00C04F79EFBC}") = "NMock.DataProcessing.Tests", "CookIT\Mocking\NMock.DataProcessing.Tests\NMock.DataProcessing.Tests.csproj", "{03A4E53C-1A5C-4382-BD80-44BE39E8F82C}"
EndProject
Project("{FAE04EC0-301F-11D3-BF4B-00C04F79EFBC}") = "NSubstitute.DataProcessing.Tests", "CookIT\Mocking\NSubstitute.DataProcessing.Tests\NSubstitute.DataProcessing.Tests.csproj", "{20D2A636-3B99-428C-AAAD-86629D93CDBF}"
EndProject
Project("{FAE04EC0-301F-11D3-BF4B-00C04F79EFBC}") = "Dynamic.DataProcessing", "CookIT\Mocking\Dynamic.DataProcessing\Dynamic.DataProcessing.csproj", "{5048656D-BF6F-40C3-B098-753B412694FF}"
EndProject
Project("{2150E333-8FDC-42A3-9474-1A3956D46DE8}") = "StaticMocking", "StaticMocking", "{52A78D33-7551-4B95-B085-ADD24D112FB4}"
EndProject
Project("{2150E333-8FDC-42A3-9474-1A3956D46DE8}") = "ConstructorInjection", "ConstructorInjection", "{9AA98CB1-B394-4822-8A50-1FC2B8A31048}"
EndProject
Project("{2150E333-8FDC-42A3-9474-1A3956D46DE8}") = "PropertyInjection", "PropertyInjection", "{43EBE9BA-35EE-47B6-B17C-8697F821AD96}"
EndProject
Project("{FAE04EC0-301F-11D3-BF4B-00C04F79EFBC}") = "ConstructorInjection.DataProcessing", "CookIT\StaticMocking\ConstructorInjection.DataProcessing\ConstructorInjection.DataProcessing.csproj", "{DD4CB9CA-2762-449B-88B0-B7E935CB50C3}"
EndProject
Project("{FAE04EC0-301F-11D3-BF4B-00C04F79EFBC}") = "ConstructorInjection.DataProcessing.Test", "CookIT\StaticMocking\ConstructorInjection.DataProcessing.Test\ConstructorInjection.DataProcessing.Test.csproj", "{64D1749A-2390-4643-9993-AA5DA8D5F29D}"
EndProject
Project("{FAE04EC0-301F-11D3-BF4B-00C04F79EFBC}") = "PropertyInjection.DataProcessing", "CookIT\StaticMocking\PropertyInjection.DataProcessing\PropertyInjection.DataProcessing.csproj", "{5919CCA7-4FB9-42E9-AD3E-54E4C3B3E5E5}"
EndProject
Project("{FAE04EC0-301F-11D3-BF4B-00C04F79EFBC}") = "PropertyInjection.DataProcessing.Test", "CookIT\StaticMocking\PropertyInjection.DataProcessing.Test\PropertyInjection.DataProcessing.Test.csproj", "{C4697EC2-0319-4D43-BE26-D912136CE276}"
EndProject
Global
	GlobalSection(SolutionConfigurationPlatforms) = preSolution
		Debug|Any CPU = Debug|Any CPU
		Debug|ARM = Debug|ARM
		Debug|x64 = Debug|x64
		Debug|x86 = Debug|x86
		Release|Any CPU = Release|Any CPU
		Release|ARM = Release|ARM
		Release|x64 = Release|x64
		Release|x86 = Release|x86
	EndGlobalSection
	GlobalSection(ProjectConfigurationPlatforms) = postSolution
		{E2CB6E11-5265-441B-9747-9A9D80EFA16A}.Debug|Any CPU.ActiveCfg = Debug|Any CPU
		{E2CB6E11-5265-441B-9747-9A9D80EFA16A}.Debug|Any CPU.Build.0 = Debug|Any CPU
		{E2CB6E11-5265-441B-9747-9A9D80EFA16A}.Debug|ARM.ActiveCfg = Debug|Any CPU
		{E2CB6E11-5265-441B-9747-9A9D80EFA16A}.Debug|ARM.Build.0 = Debug|Any CPU
		{E2CB6E11-5265-441B-9747-9A9D80EFA16A}.Debug|x64.ActiveCfg = Debug|Any CPU
		{E2CB6E11-5265-441B-9747-9A9D80EFA16A}.Debug|x64.Build.0 = Debug|Any CPU
		{E2CB6E11-5265-441B-9747-9A9D80EFA16A}.Debug|x86.ActiveCfg = Debug|Any CPU
		{E2CB6E11-5265-441B-9747-9A9D80EFA16A}.Debug|x86.Build.0 = Debug|Any CPU
		{E2CB6E11-5265-441B-9747-9A9D80EFA16A}.Release|Any CPU.ActiveCfg = Release|Any CPU
		{E2CB6E11-5265-441B-9747-9A9D80EFA16A}.Release|Any CPU.Build.0 = Release|Any CPU
		{E2CB6E11-5265-441B-9747-9A9D80EFA16A}.Release|ARM.ActiveCfg = Release|Any CPU
		{E2CB6E11-5265-441B-9747-9A9D80EFA16A}.Release|ARM.Build.0 = Release|Any CPU
		{E2CB6E11-5265-441B-9747-9A9D80EFA16A}.Release|x64.ActiveCfg = Release|Any CPU
		{E2CB6E11-5265-441B-9747-9A9D80EFA16A}.Release|x64.Build.0 = Release|Any CPU
		{E2CB6E11-5265-441B-9747-9A9D80EFA16A}.Release|x86.ActiveCfg = Release|Any CPU
		{E2CB6E11-5265-441B-9747-9A9D80EFA16A}.Release|x86.Build.0 = Release|Any CPU
		{1B25DD35-A85E-46A6-8804-131D26A303E4}.Debug|Any CPU.ActiveCfg = Debug|Any CPU
		{1B25DD35-A85E-46A6-8804-131D26A303E4}.Debug|Any CPU.Build.0 = Debug|Any CPU
		{1B25DD35-A85E-46A6-8804-131D26A303E4}.Debug|ARM.ActiveCfg = Debug|Any CPU
		{1B25DD35-A85E-46A6-8804-131D26A303E4}.Debug|ARM.Build.0 = Debug|Any CPU
		{1B25DD35-A85E-46A6-8804-131D26A303E4}.Debug|x64.ActiveCfg = Debug|Any CPU
		{1B25DD35-A85E-46A6-8804-131D26A303E4}.Debug|x64.Build.0 = Debug|Any CPU
		{1B25DD35-A85E-46A6-8804-131D26A303E4}.Debug|x86.ActiveCfg = Debug|Any CPU
		{1B25DD35-A85E-46A6-8804-131D26A303E4}.Debug|x86.Build.0 = Debug|Any CPU
		{1B25DD35-A85E-46A6-8804-131D26A303E4}.Release|Any CPU.ActiveCfg = Release|Any CPU
		{1B25DD35-A85E-46A6-8804-131D26A303E4}.Release|Any CPU.Build.0 = Release|Any CPU
		{1B25DD35-A85E-46A6-8804-131D26A303E4}.Release|ARM.ActiveCfg = Release|Any CPU
		{1B25DD35-A85E-46A6-8804-131D26A303E4}.Release|ARM.Build.0 = Release|Any CPU
		{1B25DD35-A85E-46A6-8804-131D26A303E4}.Release|x64.ActiveCfg = Release|Any CPU
		{1B25DD35-A85E-46A6-8804-131D26A303E4}.Release|x64.Build.0 = Release|Any CPU
		{1B25DD35-A85E-46A6-8804-131D26A303E4}.Release|x86.ActiveCfg = Release|Any CPU
		{1B25DD35-A85E-46A6-8804-131D26A303E4}.Release|x86.Build.0 = Release|Any CPU
		{E563C752-1B7A-44E8-817B-4A3527321122}.Debug|Any CPU.ActiveCfg = Debug|Any CPU
		{E563C752-1B7A-44E8-817B-4A3527321122}.Debug|Any CPU.Build.0 = Debug|Any CPU
		{E563C752-1B7A-44E8-817B-4A3527321122}.Debug|ARM.ActiveCfg = Debug|Any CPU
		{E563C752-1B7A-44E8-817B-4A3527321122}.Debug|ARM.Build.0 = Debug|Any CPU
		{E563C752-1B7A-44E8-817B-4A3527321122}.Debug|x64.ActiveCfg = Debug|Any CPU
		{E563C752-1B7A-44E8-817B-4A3527321122}.Debug|x64.Build.0 = Debug|Any CPU
		{E563C752-1B7A-44E8-817B-4A3527321122}.Debug|x86.ActiveCfg = Debug|Any CPU
		{E563C752-1B7A-44E8-817B-4A3527321122}.Debug|x86.Build.0 = Debug|Any CPU
		{E563C752-1B7A-44E8-817B-4A3527321122}.Release|Any CPU.ActiveCfg = Release|Any CPU
		{E563C752-1B7A-44E8-817B-4A3527321122}.Release|Any CPU.Build.0 = Release|Any CPU
		{E563C752-1B7A-44E8-817B-4A3527321122}.Release|ARM.ActiveCfg = Release|Any CPU
		{E563C752-1B7A-44E8-817B-4A3527321122}.Release|ARM.Build.0 = Release|Any CPU
		{E563C752-1B7A-44E8-817B-4A3527321122}.Release|x64.ActiveCfg = Release|Any CPU
		{E563C752-1B7A-44E8-817B-4A3527321122}.Release|x64.Build.0 = Release|Any CPU
		{E563C752-1B7A-44E8-817B-4A3527321122}.Release|x86.ActiveCfg = Release|Any CPU
		{E563C752-1B7A-44E8-817B-4A3527321122}.Release|x86.Build.0 = Release|Any CPU
		{82230F8E-489E-42D6-9FA6-1BDF21E1E4A0}.Debug|Any CPU.ActiveCfg = Debug|Any CPU
		{82230F8E-489E-42D6-9FA6-1BDF21E1E4A0}.Debug|Any CPU.Build.0 = Debug|Any CPU
		{82230F8E-489E-42D6-9FA6-1BDF21E1E4A0}.Debug|ARM.ActiveCfg = Debug|Any CPU
		{82230F8E-489E-42D6-9FA6-1BDF21E1E4A0}.Debug|ARM.Build.0 = Debug|Any CPU
		{82230F8E-489E-42D6-9FA6-1BDF21E1E4A0}.Debug|x64.ActiveCfg = Debug|Any CPU
		{82230F8E-489E-42D6-9FA6-1BDF21E1E4A0}.Debug|x64.Build.0 = Debug|Any CPU
		{82230F8E-489E-42D6-9FA6-1BDF21E1E4A0}.Debug|x86.ActiveCfg = Debug|Any CPU
		{82230F8E-489E-42D6-9FA6-1BDF21E1E4A0}.Debug|x86.Build.0 = Debug|Any CPU
		{82230F8E-489E-42D6-9FA6-1BDF21E1E4A0}.Release|Any CPU.ActiveCfg = Release|Any CPU
		{82230F8E-489E-42D6-9FA6-1BDF21E1E4A0}.Release|Any CPU.Build.0 = Release|Any CPU
		{82230F8E-489E-42D6-9FA6-1BDF21E1E4A0}.Release|ARM.ActiveCfg = Release|Any CPU
		{82230F8E-489E-42D6-9FA6-1BDF21E1E4A0}.Release|ARM.Build.0 = Release|Any CPU
		{82230F8E-489E-42D6-9FA6-1BDF21E1E4A0}.Release|x64.ActiveCfg = Release|Any CPU
		{82230F8E-489E-42D6-9FA6-1BDF21E1E4A0}.Release|x64.Build.0 = Release|Any CPU
		{82230F8E-489E-42D6-9FA6-1BDF21E1E4A0}.Release|x86.ActiveCfg = Release|Any CPU
		{82230F8E-489E-42D6-9FA6-1BDF21E1E4A0}.Release|x86.Build.0 = Release|Any CPU
		{6C6DDEA8-C6E4-4D4A-B308-6F3DCB109AF5}.Debug|Any CPU.ActiveCfg = Debug|Any CPU
		{6C6DDEA8-C6E4-4D4A-B308-6F3DCB109AF5}.Debug|Any CPU.Build.0 = Debug|Any CPU
		{6C6DDEA8-C6E4-4D4A-B308-6F3DCB109AF5}.Debug|ARM.ActiveCfg = Debug|Any CPU
		{6C6DDEA8-C6E4-4D4A-B308-6F3DCB109AF5}.Debug|ARM.Build.0 = Debug|Any CPU
		{6C6DDEA8-C6E4-4D4A-B308-6F3DCB109AF5}.Debug|x64.ActiveCfg = Debug|Any CPU
		{6C6DDEA8-C6E4-4D4A-B308-6F3DCB109AF5}.Debug|x64.Build.0 = Debug|Any CPU
		{6C6DDEA8-C6E4-4D4A-B308-6F3DCB109AF5}.Debug|x86.ActiveCfg = Debug|Any CPU
		{6C6DDEA8-C6E4-4D4A-B308-6F3DCB109AF5}.Debug|x86.Build.0 = Debug|Any CPU
		{6C6DDEA8-C6E4-4D4A-B308-6F3DCB109AF5}.Release|Any CPU.ActiveCfg = Release|Any CPU
		{6C6DDEA8-C6E4-4D4A-B308-6F3DCB109AF5}.Release|Any CPU.Build.0 = Release|Any CPU
		{6C6DDEA8-C6E4-4D4A-B308-6F3DCB109AF5}.Release|ARM.ActiveCfg = Release|Any CPU
		{6C6DDEA8-C6E4-4D4A-B308-6F3DCB109AF5}.Release|ARM.Build.0 = Release|Any CPU
		{6C6DDEA8-C6E4-4D4A-B308-6F3DCB109AF5}.Release|x64.ActiveCfg = Release|Any CPU
		{6C6DDEA8-C6E4-4D4A-B308-6F3DCB109AF5}.Release|x64.Build.0 = Release|Any CPU
		{6C6DDEA8-C6E4-4D4A-B308-6F3DCB109AF5}.Release|x86.ActiveCfg = Release|Any CPU
		{6C6DDEA8-C6E4-4D4A-B308-6F3DCB109AF5}.Release|x86.Build.0 = Release|Any CPU
		{6F7C9BAD-EE32-48E4-8FD5-503CB3FF9A17}.Debug|Any CPU.ActiveCfg = Debug|Any CPU
		{6F7C9BAD-EE32-48E4-8FD5-503CB3FF9A17}.Debug|Any CPU.Build.0 = Debug|Any CPU
		{6F7C9BAD-EE32-48E4-8FD5-503CB3FF9A17}.Debug|ARM.ActiveCfg = Debug|Any CPU
		{6F7C9BAD-EE32-48E4-8FD5-503CB3FF9A17}.Debug|ARM.Build.0 = Debug|Any CPU
		{6F7C9BAD-EE32-48E4-8FD5-503CB3FF9A17}.Debug|x64.ActiveCfg = Debug|Any CPU
		{6F7C9BAD-EE32-48E4-8FD5-503CB3FF9A17}.Debug|x64.Build.0 = Debug|Any CPU
		{6F7C9BAD-EE32-48E4-8FD5-503CB3FF9A17}.Debug|x86.ActiveCfg = Debug|Any CPU
		{6F7C9BAD-EE32-48E4-8FD5-503CB3FF9A17}.Debug|x86.Build.0 = Debug|Any CPU
		{6F7C9BAD-EE32-48E4-8FD5-503CB3FF9A17}.Release|Any CPU.ActiveCfg = Release|Any CPU
		{6F7C9BAD-EE32-48E4-8FD5-503CB3FF9A17}.Release|Any CPU.Build.0 = Release|Any CPU
		{6F7C9BAD-EE32-48E4-8FD5-503CB3FF9A17}.Release|ARM.ActiveCfg = Release|Any CPU
		{6F7C9BAD-EE32-48E4-8FD5-503CB3FF9A17}.Release|ARM.Build.0 = Release|Any CPU
		{6F7C9BAD-EE32-48E4-8FD5-503CB3FF9A17}.Release|x64.ActiveCfg = Release|Any CPU
		{6F7C9BAD-EE32-48E4-8FD5-503CB3FF9A17}.Release|x64.Build.0 = Release|Any CPU
		{6F7C9BAD-EE32-48E4-8FD5-503CB3FF9A17}.Release|x86.ActiveCfg = Release|Any CPU
		{6F7C9BAD-EE32-48E4-8FD5-503CB3FF9A17}.Release|x86.Build.0 = Release|Any CPU
		{C28A8B97-56C9-4D13-AA36-D1A1AE8A9826}.Debug|Any CPU.ActiveCfg = Debug|Any CPU
		{C28A8B97-56C9-4D13-AA36-D1A1AE8A9826}.Debug|Any CPU.Build.0 = Debug|Any CPU
		{C28A8B97-56C9-4D13-AA36-D1A1AE8A9826}.Debug|ARM.ActiveCfg = Debug|Any CPU
		{C28A8B97-56C9-4D13-AA36-D1A1AE8A9826}.Debug|ARM.Build.0 = Debug|Any CPU
		{C28A8B97-56C9-4D13-AA36-D1A1AE8A9826}.Debug|x64.ActiveCfg = Debug|Any CPU
		{C28A8B97-56C9-4D13-AA36-D1A1AE8A9826}.Debug|x64.Build.0 = Debug|Any CPU
		{C28A8B97-56C9-4D13-AA36-D1A1AE8A9826}.Debug|x86.ActiveCfg = Debug|Any CPU
		{C28A8B97-56C9-4D13-AA36-D1A1AE8A9826}.Debug|x86.Build.0 = Debug|Any CPU
		{C28A8B97-56C9-4D13-AA36-D1A1AE8A9826}.Release|Any CPU.ActiveCfg = Release|Any CPU
		{C28A8B97-56C9-4D13-AA36-D1A1AE8A9826}.Release|Any CPU.Build.0 = Release|Any CPU
		{C28A8B97-56C9-4D13-AA36-D1A1AE8A9826}.Release|ARM.ActiveCfg = Release|Any CPU
		{C28A8B97-56C9-4D13-AA36-D1A1AE8A9826}.Release|ARM.Build.0 = Release|Any CPU
		{C28A8B97-56C9-4D13-AA36-D1A1AE8A9826}.Release|x64.ActiveCfg = Release|Any CPU
		{C28A8B97-56C9-4D13-AA36-D1A1AE8A9826}.Release|x64.Build.0 = Release|Any CPU
		{C28A8B97-56C9-4D13-AA36-D1A1AE8A9826}.Release|x86.ActiveCfg = Release|Any CPU
		{C28A8B97-56C9-4D13-AA36-D1A1AE8A9826}.Release|x86.Build.0 = Release|Any CPU
		{9C827593-0DB0-4A88-AA42-AF7024AE23FA}.Debug|Any CPU.ActiveCfg = Debug|Any CPU
		{9C827593-0DB0-4A88-AA42-AF7024AE23FA}.Debug|Any CPU.Build.0 = Debug|Any CPU
		{9C827593-0DB0-4A88-AA42-AF7024AE23FA}.Debug|ARM.ActiveCfg = Debug|Any CPU
		{9C827593-0DB0-4A88-AA42-AF7024AE23FA}.Debug|ARM.Build.0 = Debug|Any CPU
		{9C827593-0DB0-4A88-AA42-AF7024AE23FA}.Debug|x64.ActiveCfg = Debug|Any CPU
		{9C827593-0DB0-4A88-AA42-AF7024AE23FA}.Debug|x64.Build.0 = Debug|Any CPU
		{9C827593-0DB0-4A88-AA42-AF7024AE23FA}.Debug|x86.ActiveCfg = Debug|Any CPU
		{9C827593-0DB0-4A88-AA42-AF7024AE23FA}.Debug|x86.Build.0 = Debug|Any CPU
		{9C827593-0DB0-4A88-AA42-AF7024AE23FA}.Release|Any CPU.ActiveCfg = Release|Any CPU
		{9C827593-0DB0-4A88-AA42-AF7024AE23FA}.Release|Any CPU.Build.0 = Release|Any CPU
		{9C827593-0DB0-4A88-AA42-AF7024AE23FA}.Release|ARM.ActiveCfg = Release|Any CPU
		{9C827593-0DB0-4A88-AA42-AF7024AE23FA}.Release|ARM.Build.0 = Release|Any CPU
		{9C827593-0DB0-4A88-AA42-AF7024AE23FA}.Release|x64.ActiveCfg = Release|Any CPU
		{9C827593-0DB0-4A88-AA42-AF7024AE23FA}.Release|x64.Build.0 = Release|Any CPU
		{9C827593-0DB0-4A88-AA42-AF7024AE23FA}.Release|x86.ActiveCfg = Release|Any CPU
		{9C827593-0DB0-4A88-AA42-AF7024AE23FA}.Release|x86.Build.0 = Release|Any CPU
		{69A358F3-1AFC-4EDA-8FEB-27DB5004B738}.Debug|Any CPU.ActiveCfg = Debug|Any CPU
		{69A358F3-1AFC-4EDA-8FEB-27DB5004B738}.Debug|Any CPU.Build.0 = Debug|Any CPU
		{69A358F3-1AFC-4EDA-8FEB-27DB5004B738}.Debug|ARM.ActiveCfg = Debug|Any CPU
		{69A358F3-1AFC-4EDA-8FEB-27DB5004B738}.Debug|ARM.Build.0 = Debug|Any CPU
		{69A358F3-1AFC-4EDA-8FEB-27DB5004B738}.Debug|x64.ActiveCfg = Debug|Any CPU
		{69A358F3-1AFC-4EDA-8FEB-27DB5004B738}.Debug|x64.Build.0 = Debug|Any CPU
		{69A358F3-1AFC-4EDA-8FEB-27DB5004B738}.Debug|x86.ActiveCfg = Debug|Any CPU
		{69A358F3-1AFC-4EDA-8FEB-27DB5004B738}.Debug|x86.Build.0 = Debug|Any CPU
		{69A358F3-1AFC-4EDA-8FEB-27DB5004B738}.Release|Any CPU.ActiveCfg = Release|Any CPU
		{69A358F3-1AFC-4EDA-8FEB-27DB5004B738}.Release|Any CPU.Build.0 = Release|Any CPU
		{69A358F3-1AFC-4EDA-8FEB-27DB5004B738}.Release|ARM.ActiveCfg = Release|Any CPU
		{69A358F3-1AFC-4EDA-8FEB-27DB5004B738}.Release|ARM.Build.0 = Release|Any CPU
		{69A358F3-1AFC-4EDA-8FEB-27DB5004B738}.Release|x64.ActiveCfg = Release|Any CPU
		{69A358F3-1AFC-4EDA-8FEB-27DB5004B738}.Release|x64.Build.0 = Release|Any CPU
		{69A358F3-1AFC-4EDA-8FEB-27DB5004B738}.Release|x86.ActiveCfg = Release|Any CPU
		{69A358F3-1AFC-4EDA-8FEB-27DB5004B738}.Release|x86.Build.0 = Release|Any CPU
		{381AD25D-219B-455C-ADE1-3059DD0841BD}.Debug|Any CPU.ActiveCfg = Debug|Any CPU
		{381AD25D-219B-455C-ADE1-3059DD0841BD}.Debug|Any CPU.Build.0 = Debug|Any CPU
		{381AD25D-219B-455C-ADE1-3059DD0841BD}.Debug|ARM.ActiveCfg = Debug|Any CPU
		{381AD25D-219B-455C-ADE1-3059DD0841BD}.Debug|ARM.Build.0 = Debug|Any CPU
		{381AD25D-219B-455C-ADE1-3059DD0841BD}.Debug|x64.ActiveCfg = Debug|Any CPU
		{381AD25D-219B-455C-ADE1-3059DD0841BD}.Debug|x64.Build.0 = Debug|Any CPU
		{381AD25D-219B-455C-ADE1-3059DD0841BD}.Debug|x86.ActiveCfg = Debug|Any CPU
		{381AD25D-219B-455C-ADE1-3059DD0841BD}.Debug|x86.Build.0 = Debug|Any CPU
		{381AD25D-219B-455C-ADE1-3059DD0841BD}.Release|Any CPU.ActiveCfg = Release|Any CPU
		{381AD25D-219B-455C-ADE1-3059DD0841BD}.Release|Any CPU.Build.0 = Release|Any CPU
		{381AD25D-219B-455C-ADE1-3059DD0841BD}.Release|ARM.ActiveCfg = Release|Any CPU
		{381AD25D-219B-455C-ADE1-3059DD0841BD}.Release|ARM.Build.0 = Release|Any CPU
		{381AD25D-219B-455C-ADE1-3059DD0841BD}.Release|x64.ActiveCfg = Release|Any CPU
		{381AD25D-219B-455C-ADE1-3059DD0841BD}.Release|x64.Build.0 = Release|Any CPU
		{381AD25D-219B-455C-ADE1-3059DD0841BD}.Release|x86.ActiveCfg = Release|Any CPU
		{381AD25D-219B-455C-ADE1-3059DD0841BD}.Release|x86.Build.0 = Release|Any CPU
		{3A501FAF-466A-410E-8418-AA104D5D85DC}.Debug|Any CPU.ActiveCfg = Debug|Any CPU
		{3A501FAF-466A-410E-8418-AA104D5D85DC}.Debug|Any CPU.Build.0 = Debug|Any CPU
		{3A501FAF-466A-410E-8418-AA104D5D85DC}.Debug|ARM.ActiveCfg = Debug|Any CPU
		{3A501FAF-466A-410E-8418-AA104D5D85DC}.Debug|ARM.Build.0 = Debug|Any CPU
		{3A501FAF-466A-410E-8418-AA104D5D85DC}.Debug|x64.ActiveCfg = Debug|Any CPU
		{3A501FAF-466A-410E-8418-AA104D5D85DC}.Debug|x64.Build.0 = Debug|Any CPU
		{3A501FAF-466A-410E-8418-AA104D5D85DC}.Debug|x86.ActiveCfg = Debug|Any CPU
		{3A501FAF-466A-410E-8418-AA104D5D85DC}.Debug|x86.Build.0 = Debug|Any CPU
		{3A501FAF-466A-410E-8418-AA104D5D85DC}.Release|Any CPU.ActiveCfg = Release|Any CPU
		{3A501FAF-466A-410E-8418-AA104D5D85DC}.Release|Any CPU.Build.0 = Release|Any CPU
		{3A501FAF-466A-410E-8418-AA104D5D85DC}.Release|ARM.ActiveCfg = Release|Any CPU
		{3A501FAF-466A-410E-8418-AA104D5D85DC}.Release|ARM.Build.0 = Release|Any CPU
		{3A501FAF-466A-410E-8418-AA104D5D85DC}.Release|x64.ActiveCfg = Release|Any CPU
		{3A501FAF-466A-410E-8418-AA104D5D85DC}.Release|x64.Build.0 = Release|Any CPU
		{3A501FAF-466A-410E-8418-AA104D5D85DC}.Release|x86.ActiveCfg = Release|Any CPU
		{3A501FAF-466A-410E-8418-AA104D5D85DC}.Release|x86.Build.0 = Release|Any CPU
		{E85FAE35-0C82-4B96-8990-A2BEF13EDADF}.Debug|Any CPU.ActiveCfg = Debug|Any CPU
		{E85FAE35-0C82-4B96-8990-A2BEF13EDADF}.Debug|Any CPU.Build.0 = Debug|Any CPU
		{E85FAE35-0C82-4B96-8990-A2BEF13EDADF}.Debug|ARM.ActiveCfg = Debug|Any CPU
		{E85FAE35-0C82-4B96-8990-A2BEF13EDADF}.Debug|ARM.Build.0 = Debug|Any CPU
		{E85FAE35-0C82-4B96-8990-A2BEF13EDADF}.Debug|x64.ActiveCfg = Debug|Any CPU
		{E85FAE35-0C82-4B96-8990-A2BEF13EDADF}.Debug|x64.Build.0 = Debug|Any CPU
		{E85FAE35-0C82-4B96-8990-A2BEF13EDADF}.Debug|x86.ActiveCfg = Debug|Any CPU
		{E85FAE35-0C82-4B96-8990-A2BEF13EDADF}.Debug|x86.Build.0 = Debug|Any CPU
		{E85FAE35-0C82-4B96-8990-A2BEF13EDADF}.Release|Any CPU.ActiveCfg = Release|Any CPU
		{E85FAE35-0C82-4B96-8990-A2BEF13EDADF}.Release|Any CPU.Build.0 = Release|Any CPU
		{E85FAE35-0C82-4B96-8990-A2BEF13EDADF}.Release|ARM.ActiveCfg = Release|Any CPU
		{E85FAE35-0C82-4B96-8990-A2BEF13EDADF}.Release|ARM.Build.0 = Release|Any CPU
		{E85FAE35-0C82-4B96-8990-A2BEF13EDADF}.Release|x64.ActiveCfg = Release|Any CPU
		{E85FAE35-0C82-4B96-8990-A2BEF13EDADF}.Release|x64.Build.0 = Release|Any CPU
		{E85FAE35-0C82-4B96-8990-A2BEF13EDADF}.Release|x86.ActiveCfg = Release|Any CPU
		{E85FAE35-0C82-4B96-8990-A2BEF13EDADF}.Release|x86.Build.0 = Release|Any CPU
		{03A4E53C-1A5C-4382-BD80-44BE39E8F82C}.Debug|Any CPU.ActiveCfg = Debug|Any CPU
		{03A4E53C-1A5C-4382-BD80-44BE39E8F82C}.Debug|Any CPU.Build.0 = Debug|Any CPU
		{03A4E53C-1A5C-4382-BD80-44BE39E8F82C}.Debug|ARM.ActiveCfg = Debug|Any CPU
		{03A4E53C-1A5C-4382-BD80-44BE39E8F82C}.Debug|ARM.Build.0 = Debug|Any CPU
		{03A4E53C-1A5C-4382-BD80-44BE39E8F82C}.Debug|x64.ActiveCfg = Debug|Any CPU
		{03A4E53C-1A5C-4382-BD80-44BE39E8F82C}.Debug|x64.Build.0 = Debug|Any CPU
		{03A4E53C-1A5C-4382-BD80-44BE39E8F82C}.Debug|x86.ActiveCfg = Debug|Any CPU
		{03A4E53C-1A5C-4382-BD80-44BE39E8F82C}.Debug|x86.Build.0 = Debug|Any CPU
		{03A4E53C-1A5C-4382-BD80-44BE39E8F82C}.Release|Any CPU.ActiveCfg = Release|Any CPU
		{03A4E53C-1A5C-4382-BD80-44BE39E8F82C}.Release|Any CPU.Build.0 = Release|Any CPU
		{03A4E53C-1A5C-4382-BD80-44BE39E8F82C}.Release|ARM.ActiveCfg = Release|Any CPU
		{03A4E53C-1A5C-4382-BD80-44BE39E8F82C}.Release|ARM.Build.0 = Release|Any CPU
		{03A4E53C-1A5C-4382-BD80-44BE39E8F82C}.Release|x64.ActiveCfg = Release|Any CPU
		{03A4E53C-1A5C-4382-BD80-44BE39E8F82C}.Release|x64.Build.0 = Release|Any CPU
		{03A4E53C-1A5C-4382-BD80-44BE39E8F82C}.Release|x86.ActiveCfg = Release|Any CPU
		{03A4E53C-1A5C-4382-BD80-44BE39E8F82C}.Release|x86.Build.0 = Release|Any CPU
		{20D2A636-3B99-428C-AAAD-86629D93CDBF}.Debug|Any CPU.ActiveCfg = Debug|Any CPU
		{20D2A636-3B99-428C-AAAD-86629D93CDBF}.Debug|Any CPU.Build.0 = Debug|Any CPU
		{20D2A636-3B99-428C-AAAD-86629D93CDBF}.Debug|ARM.ActiveCfg = Debug|Any CPU
		{20D2A636-3B99-428C-AAAD-86629D93CDBF}.Debug|ARM.Build.0 = Debug|Any CPU
		{20D2A636-3B99-428C-AAAD-86629D93CDBF}.Debug|x64.ActiveCfg = Debug|Any CPU
		{20D2A636-3B99-428C-AAAD-86629D93CDBF}.Debug|x64.Build.0 = Debug|Any CPU
		{20D2A636-3B99-428C-AAAD-86629D93CDBF}.Debug|x86.ActiveCfg = Debug|Any CPU
		{20D2A636-3B99-428C-AAAD-86629D93CDBF}.Debug|x86.Build.0 = Debug|Any CPU
		{20D2A636-3B99-428C-AAAD-86629D93CDBF}.Release|Any CPU.ActiveCfg = Release|Any CPU
		{20D2A636-3B99-428C-AAAD-86629D93CDBF}.Release|Any CPU.Build.0 = Release|Any CPU
		{20D2A636-3B99-428C-AAAD-86629D93CDBF}.Release|ARM.ActiveCfg = Release|Any CPU
		{20D2A636-3B99-428C-AAAD-86629D93CDBF}.Release|ARM.Build.0 = Release|Any CPU
		{20D2A636-3B99-428C-AAAD-86629D93CDBF}.Release|x64.ActiveCfg = Release|Any CPU
		{20D2A636-3B99-428C-AAAD-86629D93CDBF}.Release|x64.Build.0 = Release|Any CPU
		{20D2A636-3B99-428C-AAAD-86629D93CDBF}.Release|x86.ActiveCfg = Release|Any CPU
		{20D2A636-3B99-428C-AAAD-86629D93CDBF}.Release|x86.Build.0 = Release|Any CPU
		{5048656D-BF6F-40C3-B098-753B412694FF}.Debug|Any CPU.ActiveCfg = Debug|Any CPU
		{5048656D-BF6F-40C3-B098-753B412694FF}.Debug|Any CPU.Build.0 = Debug|Any CPU
		{5048656D-BF6F-40C3-B098-753B412694FF}.Debug|ARM.ActiveCfg = Debug|Any CPU
		{5048656D-BF6F-40C3-B098-753B412694FF}.Debug|ARM.Build.0 = Debug|Any CPU
		{5048656D-BF6F-40C3-B098-753B412694FF}.Debug|x64.ActiveCfg = Debug|Any CPU
		{5048656D-BF6F-40C3-B098-753B412694FF}.Debug|x64.Build.0 = Debug|Any CPU
		{5048656D-BF6F-40C3-B098-753B412694FF}.Debug|x86.ActiveCfg = Debug|Any CPU
		{5048656D-BF6F-40C3-B098-753B412694FF}.Debug|x86.Build.0 = Debug|Any CPU
		{5048656D-BF6F-40C3-B098-753B412694FF}.Release|Any CPU.ActiveCfg = Release|Any CPU
		{5048656D-BF6F-40C3-B098-753B412694FF}.Release|Any CPU.Build.0 = Release|Any CPU
		{5048656D-BF6F-40C3-B098-753B412694FF}.Release|ARM.ActiveCfg = Release|Any CPU
		{5048656D-BF6F-40C3-B098-753B412694FF}.Release|ARM.Build.0 = Release|Any CPU
		{5048656D-BF6F-40C3-B098-753B412694FF}.Release|x64.ActiveCfg = Release|Any CPU
		{5048656D-BF6F-40C3-B098-753B412694FF}.Release|x64.Build.0 = Release|Any CPU
		{5048656D-BF6F-40C3-B098-753B412694FF}.Release|x86.ActiveCfg = Release|Any CPU
		{5048656D-BF6F-40C3-B098-753B412694FF}.Release|x86.Build.0 = Release|Any CPU
		{DD4CB9CA-2762-449B-88B0-B7E935CB50C3}.Debug|Any CPU.ActiveCfg = Debug|Any CPU
		{DD4CB9CA-2762-449B-88B0-B7E935CB50C3}.Debug|Any CPU.Build.0 = Debug|Any CPU
		{DD4CB9CA-2762-449B-88B0-B7E935CB50C3}.Debug|ARM.ActiveCfg = Debug|Any CPU
		{DD4CB9CA-2762-449B-88B0-B7E935CB50C3}.Debug|ARM.Build.0 = Debug|Any CPU
		{DD4CB9CA-2762-449B-88B0-B7E935CB50C3}.Debug|x64.ActiveCfg = Debug|Any CPU
		{DD4CB9CA-2762-449B-88B0-B7E935CB50C3}.Debug|x64.Build.0 = Debug|Any CPU
		{DD4CB9CA-2762-449B-88B0-B7E935CB50C3}.Debug|x86.ActiveCfg = Debug|Any CPU
		{DD4CB9CA-2762-449B-88B0-B7E935CB50C3}.Debug|x86.Build.0 = Debug|Any CPU
		{DD4CB9CA-2762-449B-88B0-B7E935CB50C3}.Release|Any CPU.ActiveCfg = Release|Any CPU
		{DD4CB9CA-2762-449B-88B0-B7E935CB50C3}.Release|Any CPU.Build.0 = Release|Any CPU
		{DD4CB9CA-2762-449B-88B0-B7E935CB50C3}.Release|ARM.ActiveCfg = Release|Any CPU
		{DD4CB9CA-2762-449B-88B0-B7E935CB50C3}.Release|ARM.Build.0 = Release|Any CPU
		{DD4CB9CA-2762-449B-88B0-B7E935CB50C3}.Release|x64.ActiveCfg = Release|Any CPU
		{DD4CB9CA-2762-449B-88B0-B7E935CB50C3}.Release|x64.Build.0 = Release|Any CPU
		{DD4CB9CA-2762-449B-88B0-B7E935CB50C3}.Release|x86.ActiveCfg = Release|Any CPU
		{DD4CB9CA-2762-449B-88B0-B7E935CB50C3}.Release|x86.Build.0 = Release|Any CPU
		{64D1749A-2390-4643-9993-AA5DA8D5F29D}.Debug|Any CPU.ActiveCfg = Debug|Any CPU
		{64D1749A-2390-4643-9993-AA5DA8D5F29D}.Debug|Any CPU.Build.0 = Debug|Any CPU
		{64D1749A-2390-4643-9993-AA5DA8D5F29D}.Debug|ARM.ActiveCfg = Debug|Any CPU
		{64D1749A-2390-4643-9993-AA5DA8D5F29D}.Debug|ARM.Build.0 = Debug|Any CPU
		{64D1749A-2390-4643-9993-AA5DA8D5F29D}.Debug|x64.ActiveCfg = Debug|Any CPU
		{64D1749A-2390-4643-9993-AA5DA8D5F29D}.Debug|x64.Build.0 = Debug|Any CPU
		{64D1749A-2390-4643-9993-AA5DA8D5F29D}.Debug|x86.ActiveCfg = Debug|Any CPU
		{64D1749A-2390-4643-9993-AA5DA8D5F29D}.Debug|x86.Build.0 = Debug|Any CPU
		{64D1749A-2390-4643-9993-AA5DA8D5F29D}.Release|Any CPU.ActiveCfg = Release|Any CPU
		{64D1749A-2390-4643-9993-AA5DA8D5F29D}.Release|Any CPU.Build.0 = Release|Any CPU
		{64D1749A-2390-4643-9993-AA5DA8D5F29D}.Release|ARM.ActiveCfg = Release|Any CPU
		{64D1749A-2390-4643-9993-AA5DA8D5F29D}.Release|ARM.Build.0 = Release|Any CPU
		{64D1749A-2390-4643-9993-AA5DA8D5F29D}.Release|x64.ActiveCfg = Release|Any CPU
		{64D1749A-2390-4643-9993-AA5DA8D5F29D}.Release|x64.Build.0 = Release|Any CPU
		{64D1749A-2390-4643-9993-AA5DA8D5F29D}.Release|x86.ActiveCfg = Release|Any CPU
		{64D1749A-2390-4643-9993-AA5DA8D5F29D}.Release|x86.Build.0 = Release|Any CPU
		{5919CCA7-4FB9-42E9-AD3E-54E4C3B3E5E5}.Debug|Any CPU.ActiveCfg = Debug|Any CPU
		{5919CCA7-4FB9-42E9-AD3E-54E4C3B3E5E5}.Debug|Any CPU.Build.0 = Debug|Any CPU
		{5919CCA7-4FB9-42E9-AD3E-54E4C3B3E5E5}.Debug|ARM.ActiveCfg = Debug|Any CPU
		{5919CCA7-4FB9-42E9-AD3E-54E4C3B3E5E5}.Debug|ARM.Build.0 = Debug|Any CPU
		{5919CCA7-4FB9-42E9-AD3E-54E4C3B3E5E5}.Debug|x64.ActiveCfg = Debug|Any CPU
		{5919CCA7-4FB9-42E9-AD3E-54E4C3B3E5E5}.Debug|x64.Build.0 = Debug|Any CPU
		{5919CCA7-4FB9-42E9-AD3E-54E4C3B3E5E5}.Debug|x86.ActiveCfg = Debug|Any CPU
		{5919CCA7-4FB9-42E9-AD3E-54E4C3B3E5E5}.Debug|x86.Build.0 = Debug|Any CPU
		{5919CCA7-4FB9-42E9-AD3E-54E4C3B3E5E5}.Release|Any CPU.ActiveCfg = Release|Any CPU
		{5919CCA7-4FB9-42E9-AD3E-54E4C3B3E5E5}.Release|Any CPU.Build.0 = Release|Any CPU
		{5919CCA7-4FB9-42E9-AD3E-54E4C3B3E5E5}.Release|ARM.ActiveCfg = Release|Any CPU
		{5919CCA7-4FB9-42E9-AD3E-54E4C3B3E5E5}.Release|ARM.Build.0 = Release|Any CPU
		{5919CCA7-4FB9-42E9-AD3E-54E4C3B3E5E5}.Release|x64.ActiveCfg = Release|Any CPU
		{5919CCA7-4FB9-42E9-AD3E-54E4C3B3E5E5}.Release|x64.Build.0 = Release|Any CPU
		{5919CCA7-4FB9-42E9-AD3E-54E4C3B3E5E5}.Release|x86.ActiveCfg = Release|Any CPU
		{5919CCA7-4FB9-42E9-AD3E-54E4C3B3E5E5}.Release|x86.Build.0 = Release|Any CPU
		{C4697EC2-0319-4D43-BE26-D912136CE276}.Debug|Any CPU.ActiveCfg = Debug|Any CPU
		{C4697EC2-0319-4D43-BE26-D912136CE276}.Debug|Any CPU.Build.0 = Debug|Any CPU
		{C4697EC2-0319-4D43-BE26-D912136CE276}.Debug|ARM.ActiveCfg = Debug|Any CPU
		{C4697EC2-0319-4D43-BE26-D912136CE276}.Debug|ARM.Build.0 = Debug|Any CPU
		{C4697EC2-0319-4D43-BE26-D912136CE276}.Debug|x64.ActiveCfg = Debug|Any CPU
		{C4697EC2-0319-4D43-BE26-D912136CE276}.Debug|x64.Build.0 = Debug|Any CPU
		{C4697EC2-0319-4D43-BE26-D912136CE276}.Debug|x86.ActiveCfg = Debug|Any CPU
		{C4697EC2-0319-4D43-BE26-D912136CE276}.Debug|x86.Build.0 = Debug|Any CPU
		{C4697EC2-0319-4D43-BE26-D912136CE276}.Release|Any CPU.ActiveCfg = Release|Any CPU
		{C4697EC2-0319-4D43-BE26-D912136CE276}.Release|Any CPU.Build.0 = Release|Any CPU
		{C4697EC2-0319-4D43-BE26-D912136CE276}.Release|ARM.ActiveCfg = Release|Any CPU
		{C4697EC2-0319-4D43-BE26-D912136CE276}.Release|ARM.Build.0 = Release|Any CPU
		{C4697EC2-0319-4D43-BE26-D912136CE276}.Release|x64.ActiveCfg = Release|Any CPU
		{C4697EC2-0319-4D43-BE26-D912136CE276}.Release|x64.Build.0 = Release|Any CPU
		{C4697EC2-0319-4D43-BE26-D912136CE276}.Release|x86.ActiveCfg = Release|Any CPU
		{C4697EC2-0319-4D43-BE26-D912136CE276}.Release|x86.Build.0 = Release|Any CPU
	EndGlobalSection
	GlobalSection(SolutionProperties) = preSolution
		HideSolutionNode = FALSE
	EndGlobalSection
	GlobalSection(NestedProjects) = preSolution
		{E2CB6E11-5265-441B-9747-9A9D80EFA16A} = {7B8A2F6B-6F58-4D3E-BDAC-37103412B756}
		{1B25DD35-A85E-46A6-8804-131D26A303E4} = {7B8A2F6B-6F58-4D3E-BDAC-37103412B756}
		{E563C752-1B7A-44E8-817B-4A3527321122} = {7B8A2F6B-6F58-4D3E-BDAC-37103412B756}
		{82230F8E-489E-42D6-9FA6-1BDF21E1E4A0} = {7B8A2F6B-6F58-4D3E-BDAC-37103412B756}
		{6C6DDEA8-C6E4-4D4A-B308-6F3DCB109AF5} = {7B8A2F6B-6F58-4D3E-BDAC-37103412B756}
		{6F7C9BAD-EE32-48E4-8FD5-503CB3FF9A17} = {7B8A2F6B-6F58-4D3E-BDAC-37103412B756}
		{C28A8B97-56C9-4D13-AA36-D1A1AE8A9826} = {7B8A2F6B-6F58-4D3E-BDAC-37103412B756}
		{09BD2780-81FB-4D84-9D6E-356EF1D82150} = {7B8A2F6B-6F58-4D3E-BDAC-37103412B756}
		{7AB8927E-1C1C-4459-994B-5404274430A0} = {7B8A2F6B-6F58-4D3E-BDAC-37103412B756}
		{9C827593-0DB0-4A88-AA42-AF7024AE23FA} = {09BD2780-81FB-4D84-9D6E-356EF1D82150}
		{69A358F3-1AFC-4EDA-8FEB-27DB5004B738} = {09BD2780-81FB-4D84-9D6E-356EF1D82150}
		{381AD25D-219B-455C-ADE1-3059DD0841BD} = {09BD2780-81FB-4D84-9D6E-356EF1D82150}
		{3A501FAF-466A-410E-8418-AA104D5D85DC} = {7AB8927E-1C1C-4459-994B-5404274430A0}
		{E85FAE35-0C82-4B96-8990-A2BEF13EDADF} = {7AB8927E-1C1C-4459-994B-5404274430A0}
		{03A4E53C-1A5C-4382-BD80-44BE39E8F82C} = {7AB8927E-1C1C-4459-994B-5404274430A0}
		{20D2A636-3B99-428C-AAAD-86629D93CDBF} = {7AB8927E-1C1C-4459-994B-5404274430A0}
		{5048656D-BF6F-40C3-B098-753B412694FF} = {7AB8927E-1C1C-4459-994B-5404274430A0}
		{52A78D33-7551-4B95-B085-ADD24D112FB4} = {7B8A2F6B-6F58-4D3E-BDAC-37103412B756}
		{9AA98CB1-B394-4822-8A50-1FC2B8A31048} = {52A78D33-7551-4B95-B085-ADD24D112FB4}
		{43EBE9BA-35EE-47B6-B17C-8697F821AD96} = {52A78D33-7551-4B95-B085-ADD24D112FB4}
		{DD4CB9CA-2762-449B-88B0-B7E935CB50C3} = {9AA98CB1-B394-4822-8A50-1FC2B8A31048}
		{64D1749A-2390-4643-9993-AA5DA8D5F29D} = {9AA98CB1-B394-4822-8A50-1FC2B8A31048}
		{5919CCA7-4FB9-42E9-AD3E-54E4C3B3E5E5} = {43EBE9BA-35EE-47B6-B17C-8697F821AD96}
		{C4697EC2-0319-4D43-BE26-D912136CE276} = {43EBE9BA-35EE-47B6-B17C-8697F821AD96}
	EndGlobalSection
	GlobalSection(ExtensibilityGlobals) = postSolution
		SolutionGuid = {D08A72FA-C87F-44AB-8D8E-07F496EB509D}
	EndGlobalSection
EndGlobal
